// !$*UTF8*$!
{
	archiveVersion = 1;
	classes = {
	};
	objectVersion = 56;
	objects = {

/* Begin PBXBuildFile section */
		191AF58F2B55C10F0000E210 /* MemoryGame.swift in Sources */ = {isa = PBXBuildFile; fileRef = 191AF58E2B55C10F0000E210 /* MemoryGame.swift */; };
		191AF5912B55C5830000E210 /* EmojiMemoryGame.swift in Sources */ = {isa = PBXBuildFile; fileRef = 191AF5902B55C5830000E210 /* EmojiMemoryGame.swift */; };
		1931EB292B4CF56E00C411F7 /* StanfordClassApp.swift in Sources */ = {isa = PBXBuildFile; fileRef = 1931EB282B4CF56E00C411F7 /* StanfordClassApp.swift */; };
		1931EB2B2B4CF56E00C411F7 /* ContentView.swift in Sources */ = {isa = PBXBuildFile; fileRef = 1931EB2A2B4CF56E00C411F7 /* ContentView.swift */; };
		1931EB2D2B4CF56F00C411F7 /* Assets.xcassets in Resources */ = {isa = PBXBuildFile; fileRef = 1931EB2C2B4CF56F00C411F7 /* Assets.xcassets */; };
		1931EB302B4CF56F00C411F7 /* Preview Assets.xcassets in Resources */ = {isa = PBXBuildFile; fileRef = 1931EB2F2B4CF56F00C411F7 /* Preview Assets.xcassets */; };
		1931EB3A2B4CF56F00C411F7 /* StanfordClassTests.swift in Sources */ = {isa = PBXBuildFile; fileRef = 1931EB392B4CF56F00C411F7 /* StanfordClassTests.swift */; };
		1931EB442B4CF56F00C411F7 /* StanfordClassUITests.swift in Sources */ = {isa = PBXBuildFile; fileRef = 1931EB432B4CF56F00C411F7 /* StanfordClassUITests.swift */; };
		1931EB462B4CF56F00C411F7 /* StanfordClassUITestsLaunchTests.swift in Sources */ = {isa = PBXBuildFile; fileRef = 1931EB452B4CF56F00C411F7 /* StanfordClassUITestsLaunchTests.swift */; };
		195260D92B74042D008262E2 /* AspectVGrid.swift in Sources */ = {isa = PBXBuildFile; fileRef = 195260D82B74042D008262E2 /* AspectVGrid.swift */; };
		195260DB2B7448AA008262E2 /* CardView.swift in Sources */ = {isa = PBXBuildFile; fileRef = 195260DA2B7448AA008262E2 /* CardView.swift */; };
		195260DD2B746020008262E2 /* Pie.swift in Sources */ = {isa = PBXBuildFile; fileRef = 195260DC2B746020008262E2 /* Pie.swift */; };
		195260DF2B74714A008262E2 /* Cardify.swift in Sources */ = {isa = PBXBuildFile; fileRef = 195260DE2B74714A008262E2 /* Cardify.swift */; };
		19590EA62B7B0BF100173E99 /* FlyingNumber.swift in Sources */ = {isa = PBXBuildFile; fileRef = 19590EA52B7B0BF100173E99 /* FlyingNumber.swift */; };
		19AF7B6C2B546D5800852B3E /* SandboxView.swift in Sources */ = {isa = PBXBuildFile; fileRef = 19AF7B6B2B546D5800852B3E /* SandboxView.swift */; };
/* End PBXBuildFile section */

/* Begin PBXContainerItemProxy section */
		1931EB362B4CF56F00C411F7 /* PBXContainerItemProxy */ = {
			isa = PBXContainerItemProxy;
			containerPortal = 1931EB1D2B4CF56E00C411F7 /* Project object */;
			proxyType = 1;
			remoteGlobalIDString = 1931EB242B4CF56E00C411F7;
			remoteInfo = StanfordClass;
		};
		1931EB402B4CF56F00C411F7 /* PBXContainerItemProxy */ = {
			isa = PBXContainerItemProxy;
			containerPortal = 1931EB1D2B4CF56E00C411F7 /* Project object */;
			proxyType = 1;
			remoteGlobalIDString = 1931EB242B4CF56E00C411F7;
			remoteInfo = StanfordClass;
		};
/* End PBXContainerItemProxy section */

/* Begin PBXFileReference section */
		191AF58E2B55C10F0000E210 /* MemoryGame.swift */ = {isa = PBXFileReference; lastKnownFileType = sourcecode.swift; path = MemoryGame.swift; sourceTree = "<group>"; };
		191AF5902B55C5830000E210 /* EmojiMemoryGame.swift */ = {isa = PBXFileReference; lastKnownFileType = sourcecode.swift; path = EmojiMemoryGame.swift; sourceTree = "<group>"; };
		1931EB252B4CF56E00C411F7 /* StanfordClass.app */ = {isa = PBXFileReference; explicitFileType = wrapper.application; includeInIndex = 0; path = StanfordClass.app; sourceTree = BUILT_PRODUCTS_DIR; };
		1931EB282B4CF56E00C411F7 /* StanfordClassApp.swift */ = {isa = PBXFileReference; lastKnownFileType = sourcecode.swift; path = StanfordClassApp.swift; sourceTree = "<group>"; };
		1931EB2A2B4CF56E00C411F7 /* ContentView.swift */ = {isa = PBXFileReference; lastKnownFileType = sourcecode.swift; path = ContentView.swift; sourceTree = "<group>"; };
		1931EB2C2B4CF56F00C411F7 /* Assets.xcassets */ = {isa = PBXFileReference; lastKnownFileType = folder.assetcatalog; path = Assets.xcassets; sourceTree = "<group>"; };
		1931EB2F2B4CF56F00C411F7 /* Preview Assets.xcassets */ = {isa = PBXFileReference; lastKnownFileType = folder.assetcatalog; path = "Preview Assets.xcassets"; sourceTree = "<group>"; };
		1931EB352B4CF56F00C411F7 /* StanfordClassTests.xctest */ = {isa = PBXFileReference; explicitFileType = wrapper.cfbundle; includeInIndex = 0; path = StanfordClassTests.xctest; sourceTree = BUILT_PRODUCTS_DIR; };
		1931EB392B4CF56F00C411F7 /* StanfordClassTests.swift */ = {isa = PBXFileReference; lastKnownFileType = sourcecode.swift; path = StanfordClassTests.swift; sourceTree = "<group>"; };
		1931EB3F2B4CF56F00C411F7 /* StanfordClassUITests.xctest */ = {isa = PBXFileReference; explicitFileType = wrapper.cfbundle; includeInIndex = 0; path = StanfordClassUITests.xctest; sourceTree = BUILT_PRODUCTS_DIR; };
		1931EB432B4CF56F00C411F7 /* StanfordClassUITests.swift */ = {isa = PBXFileReference; lastKnownFileType = sourcecode.swift; path = StanfordClassUITests.swift; sourceTree = "<group>"; };
		1931EB452B4CF56F00C411F7 /* StanfordClassUITestsLaunchTests.swift */ = {isa = PBXFileReference; lastKnownFileType = sourcecode.swift; path = StanfordClassUITestsLaunchTests.swift; sourceTree = "<group>"; };
		195260D82B74042D008262E2 /* AspectVGrid.swift */ = {isa = PBXFileReference; lastKnownFileType = sourcecode.swift; path = AspectVGrid.swift; sourceTree = "<group>"; };
		195260DA2B7448AA008262E2 /* CardView.swift */ = {isa = PBXFileReference; lastKnownFileType = sourcecode.swift; path = CardView.swift; sourceTree = "<group>"; };
		195260DC2B746020008262E2 /* Pie.swift */ = {isa = PBXFileReference; lastKnownFileType = sourcecode.swift; path = Pie.swift; sourceTree = "<group>"; };
		195260DE2B74714A008262E2 /* Cardify.swift */ = {isa = PBXFileReference; lastKnownFileType = sourcecode.swift; path = Cardify.swift; sourceTree = "<group>"; };
		19590EA52B7B0BF100173E99 /* FlyingNumber.swift */ = {isa = PBXFileReference; lastKnownFileType = sourcecode.swift; path = FlyingNumber.swift; sourceTree = "<group>"; };
		19AF7B6B2B546D5800852B3E /* SandboxView.swift */ = {isa = PBXFileReference; lastKnownFileType = sourcecode.swift; path = SandboxView.swift; sourceTree = "<group>"; };
/* End PBXFileReference section */

/* Begin PBXFrameworksBuildPhase section */
		1931EB222B4CF56E00C411F7 /* Frameworks */ = {
			isa = PBXFrameworksBuildPhase;
			buildActionMask = 2147483647;
			files = (
			);
			runOnlyForDeploymentPostprocessing = 0;
		};
		1931EB322B4CF56F00C411F7 /* Frameworks */ = {
			isa = PBXFrameworksBuildPhase;
			buildActionMask = 2147483647;
			files = (
			);
			runOnlyForDeploymentPostprocessing = 0;
		};
		1931EB3C2B4CF56F00C411F7 /* Frameworks */ = {
			isa = PBXFrameworksBuildPhase;
			buildActionMask = 2147483647;
			files = (
			);
			runOnlyForDeploymentPostprocessing = 0;
		};
/* End PBXFrameworksBuildPhase section */

/* Begin PBXGroup section */
		1931EB1C2B4CF56E00C411F7 = {
			isa = PBXGroup;
			children = (
				1931EB272B4CF56E00C411F7 /* StanfordClass */,
				1931EB382B4CF56F00C411F7 /* StanfordClassTests */,
				1931EB422B4CF56F00C411F7 /* StanfordClassUITests */,
				1931EB262B4CF56E00C411F7 /* Products */,
			);
			sourceTree = "<group>";
		};
		1931EB262B4CF56E00C411F7 /* Products */ = {
			isa = PBXGroup;
			children = (
				1931EB252B4CF56E00C411F7 /* StanfordClass.app */,
				1931EB352B4CF56F00C411F7 /* StanfordClassTests.xctest */,
				1931EB3F2B4CF56F00C411F7 /* StanfordClassUITests.xctest */,
			);
			name = Products;
			sourceTree = "<group>";
		};
		1931EB272B4CF56E00C411F7 /* StanfordClass */ = {
			isa = PBXGroup;
			children = (
				1931EB282B4CF56E00C411F7 /* StanfordClassApp.swift */,
				195260DA2B7448AA008262E2 /* CardView.swift */,
				195260DC2B746020008262E2 /* Pie.swift */,
				195260DE2B74714A008262E2 /* Cardify.swift */,
				195260D82B74042D008262E2 /* AspectVGrid.swift */,
				19590EA52B7B0BF100173E99 /* FlyingNumber.swift */,
				191AF58E2B55C10F0000E210 /* MemoryGame.swift */,
				191AF5902B55C5830000E210 /* EmojiMemoryGame.swift */,
				1931EB2A2B4CF56E00C411F7 /* ContentView.swift */,
				19AF7B6B2B546D5800852B3E /* SandboxView.swift */,
				1931EB2C2B4CF56F00C411F7 /* Assets.xcassets */,
				1931EB2E2B4CF56F00C411F7 /* Preview Content */,
			);
			path = StanfordClass;
			sourceTree = "<group>";
		};
		1931EB2E2B4CF56F00C411F7 /* Preview Content */ = {
			isa = PBXGroup;
			children = (
				1931EB2F2B4CF56F00C411F7 /* Preview Assets.xcassets */,
			);
			path = "Preview Content";
			sourceTree = "<group>";
		};
		1931EB382B4CF56F00C411F7 /* StanfordClassTests */ = {
			isa = PBXGroup;
			children = (
				1931EB392B4CF56F00C411F7 /* StanfordClassTests.swift */,
			);
			path = StanfordClassTests;
			sourceTree = "<group>";
		};
		1931EB422B4CF56F00C411F7 /* StanfordClassUITests */ = {
			isa = PBXGroup;
			children = (
				1931EB432B4CF56F00C411F7 /* StanfordClassUITests.swift */,
				1931EB452B4CF56F00C411F7 /* StanfordClassUITestsLaunchTests.swift */,
			);
			path = StanfordClassUITests;
			sourceTree = "<group>";
		};
/* End PBXGroup section */

/* Begin PBXNativeTarget section */
		1931EB242B4CF56E00C411F7 /* StanfordClass */ = {
			isa = PBXNativeTarget;
			buildConfigurationList = 1931EB492B4CF56F00C411F7 /* Build configuration list for PBXNativeTarget "StanfordClass" */;
			buildPhases = (
				1931EB212B4CF56E00C411F7 /* Sources */,
				1931EB222B4CF56E00C411F7 /* Frameworks */,
				1931EB232B4CF56E00C411F7 /* Resources */,
			);
			buildRules = (
			);
			dependencies = (
			);
			name = StanfordClass;
			productName = StanfordClass;
			productReference = 1931EB252B4CF56E00C411F7 /* StanfordClass.app */;
			productType = "com.apple.product-type.application";
		};
		1931EB342B4CF56F00C411F7 /* StanfordClassTests */ = {
			isa = PBXNativeTarget;
			buildConfigurationList = 1931EB4C2B4CF56F00C411F7 /* Build configuration list for PBXNativeTarget "StanfordClassTests" */;
			buildPhases = (
				1931EB312B4CF56F00C411F7 /* Sources */,
				1931EB322B4CF56F00C411F7 /* Frameworks */,
				1931EB332B4CF56F00C411F7 /* Resources */,
			);
			buildRules = (
			);
			dependencies = (
				1931EB372B4CF56F00C411F7 /* PBXTargetDependency */,
			);
			name = StanfordClassTests;
			productName = StanfordClassTests;
			productReference = 1931EB352B4CF56F00C411F7 /* StanfordClassTests.xctest */;
			productType = "com.apple.product-type.bundle.unit-test";
		};
		1931EB3E2B4CF56F00C411F7 /* StanfordClassUITests */ = {
			isa = PBXNativeTarget;
			buildConfigurationList = 1931EB4F2B4CF56F00C411F7 /* Build configuration list for PBXNativeTarget "StanfordClassUITests" */;
			buildPhases = (
				1931EB3B2B4CF56F00C411F7 /* Sources */,
				1931EB3C2B4CF56F00C411F7 /* Frameworks */,
				1931EB3D2B4CF56F00C411F7 /* Resources */,
			);
			buildRules = (
			);
			dependencies = (
				1931EB412B4CF56F00C411F7 /* PBXTargetDependency */,
			);
			name = StanfordClassUITests;
			productName = StanfordClassUITests;
			productReference = 1931EB3F2B4CF56F00C411F7 /* StanfordClassUITests.xctest */;
			productType = "com.apple.product-type.bundle.ui-testing";
		};
/* End PBXNativeTarget section */

/* Begin PBXProject section */
		1931EB1D2B4CF56E00C411F7 /* Project object */ = {
			isa = PBXProject;
			attributes = {
				BuildIndependentTargetsInParallel = 1;
				LastSwiftUpdateCheck = 1510;
				LastUpgradeCheck = 1510;
				TargetAttributes = {
					1931EB242B4CF56E00C411F7 = {
						CreatedOnToolsVersion = 15.1;
					};
					1931EB342B4CF56F00C411F7 = {
						CreatedOnToolsVersion = 15.1;
						TestTargetID = 1931EB242B4CF56E00C411F7;
					};
					1931EB3E2B4CF56F00C411F7 = {
						CreatedOnToolsVersion = 15.1;
						TestTargetID = 1931EB242B4CF56E00C411F7;
					};
				};
			};
			buildConfigurationList = 1931EB202B4CF56E00C411F7 /* Build configuration list for PBXProject "StanfordClass" */;
			compatibilityVersion = "Xcode 14.0";
			developmentRegion = en;
			hasScannedForEncodings = 0;
			knownRegions = (
				en,
				Base,
			);
			mainGroup = 1931EB1C2B4CF56E00C411F7;
			productRefGroup = 1931EB262B4CF56E00C411F7 /* Products */;
			projectDirPath = "";
			projectRoot = "";
			targets = (
				1931EB242B4CF56E00C411F7 /* StanfordClass */,
				1931EB342B4CF56F00C411F7 /* StanfordClassTests */,
				1931EB3E2B4CF56F00C411F7 /* StanfordClassUITests */,
			);
		};
/* End PBXProject section */

/* Begin PBXResourcesBuildPhase section */
		1931EB232B4CF56E00C411F7 /* Resources */ = {
			isa = PBXResourcesBuildPhase;
			buildActionMask = 2147483647;
			files = (
				1931EB302B4CF56F00C411F7 /* Preview Assets.xcassets in Resources */,
				1931EB2D2B4CF56F00C411F7 /* Assets.xcassets in Resources */,
			);
			runOnlyForDeploymentPostprocessing = 0;
		};
		1931EB332B4CF56F00C411F7 /* Resources */ = {
			isa = PBXResourcesBuildPhase;
			buildActionMask = 2147483647;
			files = (
			);
			runOnlyForDeploymentPostprocessing = 0;
		};
		1931EB3D2B4CF56F00C411F7 /* Resources */ = {
			isa = PBXResourcesBuildPhase;
			buildActionMask = 2147483647;
			files = (
			);
			runOnlyForDeploymentPostprocessing = 0;
		};
/* End PBXResourcesBuildPhase section */

/* Begin PBXSourcesBuildPhase section */
		1931EB212B4CF56E00C411F7 /* Sources */ = {
			isa = PBXSourcesBuildPhase;
			buildActionMask = 2147483647;
			files = (
				195260DB2B7448AA008262E2 /* CardView.swift in Sources */,
				1931EB2B2B4CF56E00C411F7 /* ContentView.swift in Sources */,
				195260DD2B746020008262E2 /* Pie.swift in Sources */,
				195260DF2B74714A008262E2 /* Cardify.swift in Sources */,
				19AF7B6C2B546D5800852B3E /* SandboxView.swift in Sources */,
				195260D92B74042D008262E2 /* AspectVGrid.swift in Sources */,
				1931EB292B4CF56E00C411F7 /* StanfordClassApp.swift in Sources */,
				191AF58F2B55C10F0000E210 /* MemoryGame.swift in Sources */,
				191AF5912B55C5830000E210 /* EmojiMemoryGame.swift in Sources */,
				19590EA62B7B0BF100173E99 /* FlyingNumber.swift in Sources */,
			);
			runOnlyForDeploymentPostprocessing = 0;
		};
		1931EB312B4CF56F00C411F7 /* Sources */ = {
			isa = PBXSourcesBuildPhase;
			buildActionMask = 2147483647;
			files = (
				1931EB3A2B4CF56F00C411F7 /* StanfordClassTests.swift in Sources */,
			);
			runOnlyForDeploymentPostprocessing = 0;
		};
		1931EB3B2B4CF56F00C411F7 /* Sources */ = {
			isa = PBXSourcesBuildPhase;
			buildActionMask = 2147483647;
			files = (
				1931EB462B4CF56F00C411F7 /* StanfordClassUITestsLaunchTests.swift in Sources */,
				1931EB442B4CF56F00C411F7 /* StanfordClassUITests.swift in Sources */,
			);
			runOnlyForDeploymentPostprocessing = 0;
		};
/* End PBXSourcesBuildPhase section */

/* Begin PBXTargetDependency section */
		1931EB372B4CF56F00C411F7 /* PBXTargetDependency */ = {
			isa = PBXTargetDependency;
			target = 1931EB242B4CF56E00C411F7 /* StanfordClass */;
			targetProxy = 1931EB362B4CF56F00C411F7 /* PBXContainerItemProxy */;
		};
		1931EB412B4CF56F00C411F7 /* PBXTargetDependency */ = {
			isa = PBXTargetDependency;
			target = 1931EB242B4CF56E00C411F7 /* StanfordClass */;
			targetProxy = 1931EB402B4CF56F00C411F7 /* PBXContainerItemProxy */;
		};
/* End PBXTargetDependency section */

/* Begin XCBuildConfiguration section */
		1931EB472B4CF56F00C411F7 /* Debug */ = {
			isa = XCBuildConfiguration;
			buildSettings = {
				ALWAYS_SEARCH_USER_PATHS = NO;
				ASSETCATALOG_COMPILER_GENERATE_SWIFT_ASSET_SYMBOL_EXTENSIONS = YES;
				CLANG_ANALYZER_NONNULL = YES;
				CLANG_ANALYZER_NUMBER_OBJECT_CONVERSION = YES_AGGRESSIVE;
				CLANG_CXX_LANGUAGE_STANDARD = "gnu++20";
				CLANG_ENABLE_MODULES = YES;
				CLANG_ENABLE_OBJC_ARC = YES;
				CLANG_ENABLE_OBJC_WEAK = YES;
				CLANG_WARN_BLOCK_CAPTURE_AUTORELEASING = YES;
				CLANG_WARN_BOOL_CONVERSION = YES;
				CLANG_WARN_COMMA = YES;
				CLANG_WARN_CONSTANT_CONVERSION = YES;
				CLANG_WARN_DEPRECATED_OBJC_IMPLEMENTATIONS = YES;
				CLANG_WARN_DIRECT_OBJC_ISA_USAGE = YES_ERROR;
				CLANG_WARN_DOCUMENTATION_COMMENTS = YES;
				CLANG_WARN_EMPTY_BODY = YES;
				CLANG_WARN_ENUM_CONVERSION = YES;
				CLANG_WARN_INFINITE_RECURSION = YES;
				CLANG_WARN_INT_CONVERSION = YES;
				CLANG_WARN_NON_LITERAL_NULL_CONVERSION = YES;
				CLANG_WARN_OBJC_IMPLICIT_RETAIN_SELF = YES;
				CLANG_WARN_OBJC_LITERAL_CONVERSION = YES;
				CLANG_WARN_OBJC_ROOT_CLASS = YES_ERROR;
				CLANG_WARN_QUOTED_INCLUDE_IN_FRAMEWORK_HEADER = YES;
				CLANG_WARN_RANGE_LOOP_ANALYSIS = YES;
				CLANG_WARN_STRICT_PROTOTYPES = YES;
				CLANG_WARN_SUSPICIOUS_MOVE = YES;
				CLANG_WARN_UNGUARDED_AVAILABILITY = YES_AGGRESSIVE;
				CLANG_WARN_UNREACHABLE_CODE = YES;
				CLANG_WARN__DUPLICATE_METHOD_MATCH = YES;
				COPY_PHASE_STRIP = NO;
				DEBUG_INFORMATION_FORMAT = dwarf;
				ENABLE_STRICT_OBJC_MSGSEND = YES;
				ENABLE_TESTABILITY = YES;
				ENABLE_USER_SCRIPT_SANDBOXING = YES;
				GCC_C_LANGUAGE_STANDARD = gnu17;
				GCC_DYNAMIC_NO_PIC = NO;
				GCC_NO_COMMON_BLOCKS = YES;
				GCC_OPTIMIZATION_LEVEL = 0;
				GCC_PREPROCESSOR_DEFINITIONS = (
					"DEBUG=1",
					"$(inherited)",
				);
				GCC_WARN_64_TO_32_BIT_CONVERSION = YES;
				GCC_WARN_ABOUT_RETURN_TYPE = YES_ERROR;
				GCC_WARN_UNDECLARED_SELECTOR = YES;
				GCC_WARN_UNINITIALIZED_AUTOS = YES_AGGRESSIVE;
				GCC_WARN_UNUSED_FUNCTION = YES;
				GCC_WARN_UNUSED_VARIABLE = YES;
				IPHONEOS_DEPLOYMENT_TARGET = 17.2;
				LOCALIZATION_PREFERS_STRING_CATALOGS = YES;
				MTL_ENABLE_DEBUG_INFO = INCLUDE_SOURCE;
				MTL_FAST_MATH = YES;
				ONLY_ACTIVE_ARCH = YES;
				SDKROOT = iphoneos;
				SWIFT_ACTIVE_COMPILATION_CONDITIONS = "DEBUG $(inherited)";
				SWIFT_OPTIMIZATION_LEVEL = "-Onone";
			};
			name = Debug;
		};
		1931EB482B4CF56F00C411F7 /* Release */ = {
			isa = XCBuildConfiguration;
			buildSettings = {
				ALWAYS_SEARCH_USER_PATHS = NO;
				ASSETCATALOG_COMPILER_GENERATE_SWIFT_ASSET_SYMBOL_EXTENSIONS = YES;
				CLANG_ANALYZER_NONNULL = YES;
				CLANG_ANALYZER_NUMBER_OBJECT_CONVERSION = YES_AGGRESSIVE;
				CLANG_CXX_LANGUAGE_STANDARD = "gnu++20";
				CLANG_ENABLE_MODULES = YES;
				CLANG_ENABLE_OBJC_ARC = YES;
				CLANG_ENABLE_OBJC_WEAK = YES;
				CLANG_WARN_BLOCK_CAPTURE_AUTORELEASING = YES;
				CLANG_WARN_BOOL_CONVERSION = YES;
				CLANG_WARN_COMMA = YES;
				CLANG_WARN_CONSTANT_CONVERSION = YES;
				CLANG_WARN_DEPRECATED_OBJC_IMPLEMENTATIONS = YES;
				CLANG_WARN_DIRECT_OBJC_ISA_USAGE = YES_ERROR;
				CLANG_WARN_DOCUMENTATION_COMMENTS = YES;
				CLANG_WARN_EMPTY_BODY = YES;
				CLANG_WARN_ENUM_CONVERSION = YES;
				CLANG_WARN_INFINITE_RECURSION = YES;
				CLANG_WARN_INT_CONVERSION = YES;
				CLANG_WARN_NON_LITERAL_NULL_CONVERSION = YES;
				CLANG_WARN_OBJC_IMPLICIT_RETAIN_SELF = YES;
				CLANG_WARN_OBJC_LITERAL_CONVERSION = YES;
				CLANG_WARN_OBJC_ROOT_CLASS = YES_ERROR;
				CLANG_WARN_QUOTED_INCLUDE_IN_FRAMEWORK_HEADER = YES;
				CLANG_WARN_RANGE_LOOP_ANALYSIS = YES;
				CLANG_WARN_STRICT_PROTOTYPES = YES;
				CLANG_WARN_SUSPICIOUS_MOVE = YES;
				CLANG_WARN_UNGUARDED_AVAILABILITY = YES_AGGRESSIVE;
				CLANG_WARN_UNREACHABLE_CODE = YES;
				CLANG_WARN__DUPLICATE_METHOD_MATCH = YES;
				COPY_PHASE_STRIP = NO;
				DEBUG_INFORMATION_FORMAT = "dwarf-with-dsym";
				ENABLE_NS_ASSERTIONS = NO;
				ENABLE_STRICT_OBJC_MSGSEND = YES;
				ENABLE_USER_SCRIPT_SANDBOXING = YES;
				GCC_C_LANGUAGE_STANDARD = gnu17;
				GCC_NO_COMMON_BLOCKS = YES;
				GCC_WARN_64_TO_32_BIT_CONVERSION = YES;
				GCC_WARN_ABOUT_RETURN_TYPE = YES_ERROR;
				GCC_WARN_UNDECLARED_SELECTOR = YES;
				GCC_WARN_UNINITIALIZED_AUTOS = YES_AGGRESSIVE;
				GCC_WARN_UNUSED_FUNCTION = YES;
				GCC_WARN_UNUSED_VARIABLE = YES;
				IPHONEOS_DEPLOYMENT_TARGET = 17.2;
				LOCALIZATION_PREFERS_STRING_CATALOGS = YES;
				MTL_ENABLE_DEBUG_INFO = NO;
				MTL_FAST_MATH = YES;
				SDKROOT = iphoneos;
				SWIFT_COMPILATION_MODE = wholemodule;
				VALIDATE_PRODUCT = YES;
			};
			name = Release;
		};
		1931EB4A2B4CF56F00C411F7 /* Debug */ = {
			isa = XCBuildConfiguration;
			buildSettings = {
				ASSETCATALOG_COMPILER_APPICON_NAME = AppIcon;
				ASSETCATALOG_COMPILER_GLOBAL_ACCENT_COLOR_NAME = AccentColor;
				CODE_SIGN_STYLE = Automatic;
				CURRENT_PROJECT_VERSION = 1;
				DEVELOPMENT_ASSET_PATHS = "\"StanfordClass/Preview Content\"";
				DEVELOPMENT_TEAM = 4762D93XB4;
				ENABLE_PREVIEWS = YES;
				GENERATE_INFOPLIST_FILE = YES;
				INFOPLIST_KEY_UIApplicationSceneManifest_Generation = YES;
				INFOPLIST_KEY_UIApplicationSupportsIndirectInputEvents = YES;
				INFOPLIST_KEY_UILaunchScreen_Generation = YES;
				INFOPLIST_KEY_UISupportedInterfaceOrientations_iPad = "UIInterfaceOrientationPortrait UIInterfaceOrientationPortraitUpsideDown UIInterfaceOrientationLandscapeLeft UIInterfaceOrientationLandscapeRight";
				INFOPLIST_KEY_UISupportedInterfaceOrientations_iPhone = "UIInterfaceOrientationPortrait UIInterfaceOrientationLandscapeLeft UIInterfaceOrientationLandscapeRight";
				LD_RUNPATH_SEARCH_PATHS = (
					"$(inherited)",
					"@executable_path/Frameworks",
				);
				MARKETING_VERSION = 1.0;
				PRODUCT_BUNDLE_IDENTIFIER = com.StanfordClass.StanfordClass;
				PRODUCT_NAME = "$(TARGET_NAME)";
				SWIFT_EMIT_LOC_STRINGS = YES;
				SWIFT_VERSION = 5.0;
				TARGETED_DEVICE_FAMILY = "1,2";
			};
			name = Debug;
		};
		1931EB4B2B4CF56F00C411F7 /* Release */ = {
			isa = XCBuildConfiguration;
			buildSettings = {
				ASSETCATALOG_COMPILER_APPICON_NAME = AppIcon;
				ASSETCATALOG_COMPILER_GLOBAL_ACCENT_COLOR_NAME = AccentColor;
				CODE_SIGN_STYLE = Automatic;
				CURRENT_PROJECT_VERSION = 1;
				DEVELOPMENT_ASSET_PATHS = "\"StanfordClass/Preview Content\"";
				DEVELOPMENT_TEAM = 4762D93XB4;
				ENABLE_PREVIEWS = YES;
				GENERATE_INFOPLIST_FILE = YES;
				INFOPLIST_KEY_UIApplicationSceneManifest_Generation = YES;
				INFOPLIST_KEY_UIApplicationSupportsIndirectInputEvents = YES;
				INFOPLIST_KEY_UILaunchScreen_Generation = YES;
				INFOPLIST_KEY_UISupportedInterfaceOrientations_iPad = "UIInterfaceOrientationPortrait UIInterfaceOrientationPortraitUpsideDown UIInterfaceOrientationLandscapeLeft UIInterfaceOrientationLandscapeRight";
				INFOPLIST_KEY_UISupportedInterfaceOrientations_iPhone = "UIInterfaceOrientationPortrait UIInterfaceOrientationLandscapeLeft UIInterfaceOrientationLandscapeRight";
				LD_RUNPATH_SEARCH_PATHS = (
					"$(inherited)",
					"@executable_path/Frameworks",
				);
				MARKETING_VERSION = 1.0;
				PRODUCT_BUNDLE_IDENTIFIER = com.StanfordClass.StanfordClass;
				PRODUCT_NAME = "$(TARGET_NAME)";
				SWIFT_EMIT_LOC_STRINGS = YES;
				SWIFT_VERSION = 5.0;
				TARGETED_DEVICE_FAMILY = "1,2";
			};
			name = Release;
		};
		1931EB4D2B4CF56F00C411F7 /* Debug */ = {
			isa = XCBuildConfiguration;
			buildSettings = {
				ALWAYS_EMBED_SWIFT_STANDARD_LIBRARIES = YES;
				BUNDLE_LOADER = "$(TEST_HOST)";
				CODE_SIGN_STYLE = Automatic;
				CURRENT_PROJECT_VERSION = 1;
				DEVELOPMENT_TEAM = 4762D93XB4;
				GENERATE_INFOPLIST_FILE = YES;
				IPHONEOS_DEPLOYMENT_TARGET = 17.2;
				MARKETING_VERSION = 1.0;
				PRODUCT_BUNDLE_IDENTIFIER = com.StanfordClass.StanfordClassTests;
				PRODUCT_NAME = "$(TARGET_NAME)";
				SWIFT_EMIT_LOC_STRINGS = NO;
				SWIFT_VERSION = 5.0;
				TARGETED_DEVICE_FAMILY = "1,2";
				TEST_HOST = "$(BUILT_PRODUCTS_DIR)/StanfordClass.app/$(BUNDLE_EXECUTABLE_FOLDER_PATH)/StanfordClass";
			};
			name = Debug;
		};
		1931EB4E2B4CF56F00C411F7 /* Release */ = {
			isa = XCBuildConfiguration;
			buildSettings = {
				ALWAYS_EMBED_SWIFT_STANDARD_LIBRARIES = YES;
				BUNDLE_LOADER = "$(TEST_HOST)";
				CODE_SIGN_STYLE = Automatic;
				CURRENT_PROJECT_VERSION = 1;
				DEVELOPMENT_TEAM = 4762D93XB4;
				GENERATE_INFOPLIST_FILE = YES;
				IPHONEOS_DEPLOYMENT_TARGET = 17.2;
				MARKETING_VERSION = 1.0;
				PRODUCT_BUNDLE_IDENTIFIER = com.StanfordClass.StanfordClassTests;
				PRODUCT_NAME = "$(TARGET_NAME)";
				SWIFT_EMIT_LOC_STRINGS = NO;
				SWIFT_VERSION = 5.0;
				TARGETED_DEVICE_FAMILY = "1,2";
				TEST_HOST = "$(BUILT_PRODUCTS_DIR)/StanfordClass.app/$(BUNDLE_EXECUTABLE_FOLDER_PATH)/StanfordClass";
			};
			name = Release;
		};
		1931EB502B4CF56F00C411F7 /* Debug */ = {
			isa = XCBuildConfiguration;
			buildSettings = {
				ALWAYS_EMBED_SWIFT_STANDARD_LIBRARIES = YES;
				CODE_SIGN_STYLE = Automatic;
				CURRENT_PROJECT_VERSION = 1;
				DEVELOPMENT_TEAM = 4762D93XB4;
				GENERATE_INFOPLIST_FILE = YES;
				MARKETING_VERSION = 1.0;
				PRODUCT_BUNDLE_IDENTIFIER = com.StanfordClass.StanfordClassUITests;
				PRODUCT_NAME = "$(TARGET_NAME)";
				SWIFT_EMIT_LOC_STRINGS = NO;
				SWIFT_VERSION = 5.0;
				TARGETED_DEVICE_FAMILY = "1,2";
				TEST_TARGET_NAME = StanfordClass;
			};
			name = Debug;
		};
		1931EB512B4CF56F00C411F7 /* Release */ = {
			isa = XCBuildConfiguration;
			buildSettings = {
				ALWAYS_EMBED_SWIFT_STANDARD_LIBRARIES = YES;
				CODE_SIGN_STYLE = Automatic;
				CURRENT_PROJECT_VERSION = 1;
				DEVELOPMENT_TEAM = 4762D93XB4;
				GENERATE_INFOPLIST_FILE = YES;
				MARKETING_VERSION = 1.0;
				PRODUCT_BUNDLE_IDENTIFIER = com.StanfordClass.StanfordClassUITests;
				PRODUCT_NAME = "$(TARGET_NAME)";
				SWIFT_EMIT_LOC_STRINGS = NO;
				SWIFT_VERSION = 5.0;
				TARGETED_DEVICE_FAMILY = "1,2";
				TEST_TARGET_NAME = StanfordClass;
			};
			name = Release;
		};
/* End XCBuildConfiguration section */

/* Begin XCConfigurationList section */
		1931EB202B4CF56E00C411F7 /* Build configuration list for PBXProject "StanfordClass" */ = {
			isa = XCConfigurationList;
			buildConfigurations = (
				1931EB472B4CF56F00C411F7 /* Debug */,
				1931EB482B4CF56F00C411F7 /* Release */,
			);
			defaultConfigurationIsVisible = 0;
			defaultConfigurationName = Release;
		};
		1931EB492B4CF56F00C411F7 /* Build configuration list for PBXNativeTarget "StanfordClass" */ = {
			isa = XCConfigurationList;
			buildConfigurations = (
				1931EB4A2B4CF56F00C411F7 /* Debug */,
				1931EB4B2B4CF56F00C411F7 /* Release */,
			);
			defaultConfigurationIsVisible = 0;
			defaultConfigurationName = Release;
		};
		1931EB4C2B4CF56F00C411F7 /* Build configuration list for PBXNativeTarget "StanfordClassTests" */ = {
			isa = XCConfigurationList;
			buildConfigurations = (
				1931EB4D2B4CF56F00C411F7 /* Debug */,
				1931EB4E2B4CF56F00C411F7 /* Release */,
			);
			defaultConfigurationIsVisible = 0;
			defaultConfigurationName = Release;
		};
		1931EB4F2B4CF56F00C411F7 /* Build configuration list for PBXNativeTarget "StanfordClassUITests" */ = {
			isa = XCConfigurationList;
			buildConfigurations = (
				1931EB502B4CF56F00C411F7 /* Debug */,
				1931EB512B4CF56F00C411F7 /* Release */,
			);
			defaultConfigurationIsVisible = 0;
			defaultConfigurationName = Release;
		};
/* End XCConfigurationList section */
	};
	rootObject = 1931EB1D2B4CF56E00C411F7 /* Project object */;
}
